
Microsoft Visual Studio Solution File, Format Version 12.00
# Visual Studio 15
VisualStudioVersion = 15.0.28307.271
MinimumVisualStudioVersion = 10.0.40219.1
Project("{FAE04EC0-301F-11D3-BF4B-00C04F79EFBC}") = "WebAPI", "WebAPI\WebAPI.csproj", "{ECCC725B-C377-4C41-978F-4C1DEFC9A45E}"
EndProject
Global
	GlobalSection(SolutionConfigurationPlatforms) = preSolution
		Debug|Any CPU = Debug|Any CPU
		Release|Any CPU = Release|Any CPU
	EndGlobalSection
	GlobalSection(ProjectConfigurationPlatforms) = postSolution
		{ECCC725B-C377-4C41-978F-4C1DEFC9A45E}.Debug|Any CPU.ActiveCfg = Debug|Any CPU
		{ECCC725B-C377-4C41-978F-4C1DEFC9A45E}.Debug|Any CPU.Build.0 = Debug|Any CPU
		{ECCC725B-C377-4C41-978F-4C1DEFC9A45E}.Release|Any CPU.ActiveCfg = Release|Any CPU
		{ECCC725B-C377-4C41-978F-4C1DEFC9A45E}.Release|Any CPU.Build.0 = Release|Any CPU
	EndGlobalSection
	GlobalSection(SolutionProperties) = preSolution
		HideSolutionNode = FALSE
	EndGlobalSection
	GlobalSection(ExtensibilityGlobals) = postSolution
		SolutionGuid = {B65482B1-0E29-4E12-9BD9-5BB3E13325EB}
	EndGlobalSection
EndGlobal
